// !$*UTF8*$!
{
	archiveVersion = 1;
	classes = {
	};
	objectVersion = 55;
	objects = {

/* Begin PBXBuildFile section */
		C58BD2582D9A35110054940A /* AttendanceApp.swift in Sources */ = {isa = PBXBuildFile; fileRef = C58BD2572D9A35110054940A /* AttendanceApp.swift */; };
		C58BD25A2D9A35110054940A /* ContentView.swift in Sources */ = {isa = PBXBuildFile; fileRef = C58BD2592D9A35110054940A /* ContentView.swift */; };
		C58BD25C2D9A35130054940A /* Assets.xcassets in Resources */ = {isa = PBXBuildFile; fileRef = C58BD25B2D9A35130054940A /* Assets.xcassets */; };
		C58BD25F2D9A35130054940A /* Preview Assets.xcassets in Resources */ = {isa = PBXBuildFile; fileRef = C58BD25E2D9A35130054940A /* Preview Assets.xcassets */; };
		C58BD2612D9A35130054940A /* Persistence.swift in Sources */ = {isa = PBXBuildFile; fileRef = C58BD2602D9A35130054940A /* Persistence.swift */; };
		C58BD2642D9A35130054940A /* Attendance.xcdatamodeld in Sources */ = {isa = PBXBuildFile; fileRef = C58BD2622D9A35130054940A /* Attendance.xcdatamodeld */; };
		C58BD26E2D9A35140054940A /* AttendanceTests.swift in Sources */ = {isa = PBXBuildFile; fileRef = C58BD26D2D9A35140054940A /* AttendanceTests.swift */; };
		C58BD2782D9A35140054940A /* AttendanceUITests.swift in Sources */ = {isa = PBXBuildFile; fileRef = C58BD2772D9A35140054940A /* AttendanceUITests.swift */; };
		C58BD27A2D9A35140054940A /* AttendanceUITestsLaunchTests.swift in Sources */ = {isa = PBXBuildFile; fileRef = C58BD2792D9A35140054940A /* AttendanceUITestsLaunchTests.swift */; };
		C58BD28E2D9A3F560054940A /* Core.swift in Sources */ = {isa = PBXBuildFile; fileRef = C58BD28D2D9A3F560054940A /* Core.swift */; };
		C58BD2902D9A3F800054940A /* AdminLoginScreen.swift in Sources */ = {isa = PBXBuildFile; fileRef = C58BD28F2D9A3F800054940A /* AdminLoginScreen.swift */; };
		C58BD2922D9A3FA10054940A /* AdminDashboard.swift in Sources */ = {isa = PBXBuildFile; fileRef = C58BD2912D9A3FA10054940A /* AdminDashboard.swift */; };
		C58BD2942D9A3FAF0054940A /* StudentLoginScreen.swift in Sources */ = {isa = PBXBuildFile; fileRef = C58BD2932D9A3FAF0054940A /* StudentLoginScreen.swift */; };
		C58BD2962D9A3FC50054940A /* HomeScreen.swift in Sources */ = {isa = PBXBuildFile; fileRef = C58BD2952D9A3FC50054940A /* HomeScreen.swift */; };
		C58BD2982D9A3FD50054940A /* AttendanceScreen.swift in Sources */ = {isa = PBXBuildFile; fileRef = C58BD2972D9A3FD50054940A /* AttendanceScreen.swift */; };
		C58BD29A2D9A3FE50054940A /* PostScreen.swift in Sources */ = {isa = PBXBuildFile; fileRef = C58BD2992D9A3FE50054940A /* PostScreen.swift */; };
		C58BD29C2D9A3FF40054940A /* ProfileScreen.swift in Sources */ = {isa = PBXBuildFile; fileRef = C58BD29B2D9A3FF40054940A /* ProfileScreen.swift */; };
		C58BD29E2D9A423F0054940A /* AuthSelectionView.swift in Sources */ = {isa = PBXBuildFile; fileRef = C58BD29D2D9A423F0054940A /* AuthSelectionView.swift */; };
		C58BD2A02D9A42E70054940A /* SocialFeedView.swift in Sources */ = {isa = PBXBuildFile; fileRef = C58BD29F2D9A42E70054940A /* SocialFeedView.swift */; };
/* End PBXBuildFile section */

/* Begin PBXContainerItemProxy section */
		C58BD26A2D9A35140054940A /* PBXContainerItemProxy */ = {
			isa = PBXContainerItemProxy;
			containerPortal = C58BD24C2D9A35110054940A /* Project object */;
			proxyType = 1;
			remoteGlobalIDString = C58BD2532D9A35110054940A;
			remoteInfo = Attendance;
		};
		C58BD2742D9A35140054940A /* PBXContainerItemProxy */ = {
			isa = PBXContainerItemProxy;
			containerPortal = C58BD24C2D9A35110054940A /* Project object */;
			proxyType = 1;
			remoteGlobalIDString = C58BD2532D9A35110054940A;
			remoteInfo = Attendance;
		};
/* End PBXContainerItemProxy section */

/* Begin PBXFileReference section */
		C58BD2542D9A35110054940A /* Attendance.app */ = {isa = PBXFileReference; explicitFileType = wrapper.application; includeInIndex = 0; path = Attendance.app; sourceTree = BUILT_PRODUCTS_DIR; };
		C58BD2572D9A35110054940A /* AttendanceApp.swift */ = {isa = PBXFileReference; lastKnownFileType = sourcecode.swift; path = AttendanceApp.swift; sourceTree = "<group>"; };
		C58BD2592D9A35110054940A /* ContentView.swift */ = {isa = PBXFileReference; lastKnownFileType = sourcecode.swift; path = ContentView.swift; sourceTree = "<group>"; };
		C58BD25B2D9A35130054940A /* Assets.xcassets */ = {isa = PBXFileReference; lastKnownFileType = folder.assetcatalog; path = Assets.xcassets; sourceTree = "<group>"; };
		C58BD25E2D9A35130054940A /* Preview Assets.xcassets */ = {isa = PBXFileReference; lastKnownFileType = folder.assetcatalog; path = "Preview Assets.xcassets"; sourceTree = "<group>"; };
		C58BD2602D9A35130054940A /* Persistence.swift */ = {isa = PBXFileReference; lastKnownFileType = sourcecode.swift; path = Persistence.swift; sourceTree = "<group>"; };
		C58BD2632D9A35130054940A /* Attendance.xcdatamodel */ = {isa = PBXFileReference; lastKnownFileType = wrapper.xcdatamodel; path = Attendance.xcdatamodel; sourceTree = "<group>"; };
		C58BD2692D9A35140054940A /* AttendanceTests.xctest */ = {isa = PBXFileReference; explicitFileType = wrapper.cfbundle; includeInIndex = 0; path = AttendanceTests.xctest; sourceTree = BUILT_PRODUCTS_DIR; };
		C58BD26D2D9A35140054940A /* AttendanceTests.swift */ = {isa = PBXFileReference; lastKnownFileType = sourcecode.swift; path = AttendanceTests.swift; sourceTree = "<group>"; };
		C58BD2732D9A35140054940A /* AttendanceUITests.xctest */ = {isa = PBXFileReference; explicitFileType = wrapper.cfbundle; includeInIndex = 0; path = AttendanceUITests.xctest; sourceTree = BUILT_PRODUCTS_DIR; };
		C58BD2772D9A35140054940A /* AttendanceUITests.swift */ = {isa = PBXFileReference; lastKnownFileType = sourcecode.swift; path = AttendanceUITests.swift; sourceTree = "<group>"; };
		C58BD2792D9A35140054940A /* AttendanceUITestsLaunchTests.swift */ = {isa = PBXFileReference; lastKnownFileType = sourcecode.swift; path = AttendanceUITestsLaunchTests.swift; sourceTree = "<group>"; };
		C58BD28D2D9A3F560054940A /* Core.swift */ = {isa = PBXFileReference; lastKnownFileType = sourcecode.swift; path = Core.swift; sourceTree = "<group>"; };
		C58BD28F2D9A3F800054940A /* AdminLoginScreen.swift */ = {isa = PBXFileReference; lastKnownFileType = sourcecode.swift; path = AdminLoginScreen.swift; sourceTree = "<group>"; };
		C58BD2912D9A3FA10054940A /* AdminDashboard.swift */ = {isa = PBXFileReference; lastKnownFileType = sourcecode.swift; path = AdminDashboard.swift; sourceTree = "<group>"; };
		C58BD2932D9A3FAF0054940A /* StudentLoginScreen.swift */ = {isa = PBXFileReference; lastKnownFileType = sourcecode.swift; path = StudentLoginScreen.swift; sourceTree = "<group>"; };
		C58BD2952D9A3FC50054940A /* HomeScreen.swift */ = {isa = PBXFileReference; lastKnownFileType = sourcecode.swift; path = HomeScreen.swift; sourceTree = "<group>"; };
		C58BD2972D9A3FD50054940A /* AttendanceScreen.swift */ = {isa = PBXFileReference; lastKnownFileType = sourcecode.swift; path = AttendanceScreen.swift; sourceTree = "<group>"; };
		C58BD2992D9A3FE50054940A /* PostScreen.swift */ = {isa = PBXFileReference; lastKnownFileType = sourcecode.swift; path = PostScreen.swift; sourceTree = "<group>"; };
		C58BD29B2D9A3FF40054940A /* ProfileScreen.swift */ = {isa = PBXFileReference; lastKnownFileType = sourcecode.swift; path = ProfileScreen.swift; sourceTree = "<group>"; };
		C58BD29D2D9A423F0054940A /* AuthSelectionView.swift */ = {isa = PBXFileReference; lastKnownFileType = sourcecode.swift; path = AuthSelectionView.swift; sourceTree = "<group>"; };
		C58BD29F2D9A42E70054940A /* SocialFeedView.swift */ = {isa = PBXFileReference; lastKnownFileType = sourcecode.swift; path = SocialFeedView.swift; sourceTree = "<group>"; };
/* End PBXFileReference section */

/* Begin PBXFrameworksBuildPhase section */
		C58BD2512D9A35110054940A /* Frameworks */ = {
			isa = PBXFrameworksBuildPhase;
			buildActionMask = 2147483647;
			files = (
			);
			runOnlyForDeploymentPostprocessing = 0;
		};
		C58BD2662D9A35140054940A /* Frameworks */ = {
			isa = PBXFrameworksBuildPhase;
			buildActionMask = 2147483647;
			files = (
			);
			runOnlyForDeploymentPostprocessing = 0;
		};
		C58BD2702D9A35140054940A /* Frameworks */ = {
			isa = PBXFrameworksBuildPhase;
			buildActionMask = 2147483647;
			files = (
			);
			runOnlyForDeploymentPostprocessing = 0;
		};
/* End PBXFrameworksBuildPhase section */

/* Begin PBXGroup section */
		C58BD24B2D9A35110054940A = {
			isa = PBXGroup;
			children = (
				C58BD2872D9A38A10054940A /* Model View */,
				C58BD2862D9A388D0054940A /* Core Data */,
				C58BD2562D9A35110054940A /* Attendance */,
				C58BD26C2D9A35140054940A /* AttendanceTests */,
				C58BD2762D9A35140054940A /* AttendanceUITests */,
				C58BD2552D9A35110054940A /* Products */,
			);
			sourceTree = "<group>";
		};
		C58BD2552D9A35110054940A /* Products */ = {
			isa = PBXGroup;
			children = (
				C58BD2542D9A35110054940A /* Attendance.app */,
				C58BD2692D9A35140054940A /* AttendanceTests.xctest */,
				C58BD2732D9A35140054940A /* AttendanceUITests.xctest */,
			);
			name = Products;
			sourceTree = "<group>";
		};
		C58BD2562D9A35110054940A /* Attendance */ = {
			isa = PBXGroup;
			children = (
				C58BD2572D9A35110054940A /* AttendanceApp.swift */,
				C58BD2592D9A35110054940A /* ContentView.swift */,
				C58BD25B2D9A35130054940A /* Assets.xcassets */,
				C58BD25D2D9A35130054940A /* Preview Content */,
			);
			path = Attendance;
			sourceTree = "<group>";
		};
		C58BD25D2D9A35130054940A /* Preview Content */ = {
			isa = PBXGroup;
			children = (
				C58BD25E2D9A35130054940A /* Preview Assets.xcassets */,
			);
			path = "Preview Content";
			sourceTree = "<group>";
		};
		C58BD26C2D9A35140054940A /* AttendanceTests */ = {
			isa = PBXGroup;
			children = (
				C58BD26D2D9A35140054940A /* AttendanceTests.swift */,
			);
			path = AttendanceTests;
			sourceTree = "<group>";
		};
		C58BD2762D9A35140054940A /* AttendanceUITests */ = {
			isa = PBXGroup;
			children = (
				C58BD2772D9A35140054940A /* AttendanceUITests.swift */,
				C58BD2792D9A35140054940A /* AttendanceUITestsLaunchTests.swift */,
			);
			path = AttendanceUITests;
			sourceTree = "<group>";
		};
		C58BD2862D9A388D0054940A /* Core Data */ = {
			isa = PBXGroup;
			children = (
				C58BD2622D9A35130054940A /* Attendance.xcdatamodeld */,
				C58BD2602D9A35130054940A /* Persistence.swift */,
				C58BD28D2D9A3F560054940A /* Core.swift */,
			);
			path = "Core Data";
			sourceTree = "<group>";
		};
		C58BD2872D9A38A10054940A /* Model View */ = {
			isa = PBXGroup;
			children = (
				C58BD2892D9A38B20054940A /* Student panel */,
				C58BD2882D9A38AA0054940A /* Admin panel */,
			);
			path = "Model View";
			sourceTree = "<group>";
		};
		C58BD2882D9A38AA0054940A /* Admin panel */ = {
			isa = PBXGroup;
			children = (
				C58BD28F2D9A3F800054940A /* AdminLoginScreen.swift */,
				C58BD2912D9A3FA10054940A /* AdminDashboard.swift */,
				C58BD2932D9A3FAF0054940A /* StudentLoginScreen.swift */,
				C58BD29D2D9A423F0054940A /* AuthSelectionView.swift */,
			);
			path = "Admin panel";
			sourceTree = "<group>";
		};
		C58BD2892D9A38B20054940A /* Student panel */ = {
			isa = PBXGroup;
			children = (
				C58BD2952D9A3FC50054940A /* HomeScreen.swift */,
				C58BD2972D9A3FD50054940A /* AttendanceScreen.swift */,
				C58BD2992D9A3FE50054940A /* PostScreen.swift */,
				C58BD29B2D9A3FF40054940A /* ProfileScreen.swift */,
				C58BD29F2D9A42E70054940A /* SocialFeedView.swift */,
			);
			path = "Student panel";
			sourceTree = "<group>";
		};
/* End PBXGroup section */

/* Begin PBXNativeTarget section */
		C58BD2532D9A35110054940A /* Attendance */ = {
			isa = PBXNativeTarget;
			buildConfigurationList = C58BD27D2D9A35140054940A /* Build configuration list for PBXNativeTarget "Attendance" */;
			buildPhases = (
				C58BD2502D9A35110054940A /* Sources */,
				C58BD2512D9A35110054940A /* Frameworks */,
				C58BD2522D9A35110054940A /* Resources */,
			);
			buildRules = (
			);
			dependencies = (
			);
			name = Attendance;
			productName = Attendance;
			productReference = C58BD2542D9A35110054940A /* Attendance.app */;
			productType = "com.apple.product-type.application";
		};
		C58BD2682D9A35140054940A /* AttendanceTests */ = {
			isa = PBXNativeTarget;
			buildConfigurationList = C58BD2802D9A35140054940A /* Build configuration list for PBXNativeTarget "AttendanceTests" */;
			buildPhases = (
				C58BD2652D9A35140054940A /* Sources */,
				C58BD2662D9A35140054940A /* Frameworks */,
				C58BD2672D9A35140054940A /* Resources */,
			);
			buildRules = (
			);
			dependencies = (
				C58BD26B2D9A35140054940A /* PBXTargetDependency */,
			);
			name = AttendanceTests;
			productName = AttendanceTests;
			productReference = C58BD2692D9A35140054940A /* AttendanceTests.xctest */;
			productType = "com.apple.product-type.bundle.unit-test";
		};
		C58BD2722D9A35140054940A /* AttendanceUITests */ = {
			isa = PBXNativeTarget;
			buildConfigurationList = C58BD2832D9A35140054940A /* Build configuration list for PBXNativeTarget "AttendanceUITests" */;
			buildPhases = (
				C58BD26F2D9A35140054940A /* Sources */,
				C58BD2702D9A35140054940A /* Frameworks */,
				C58BD2712D9A35140054940A /* Resources */,
			);
			buildRules = (
			);
			dependencies = (
				C58BD2752D9A35140054940A /* PBXTargetDependency */,
			);
			name = AttendanceUITests;
			productName = AttendanceUITests;
			productReference = C58BD2732D9A35140054940A /* AttendanceUITests.xctest */;
			productType = "com.apple.product-type.bundle.ui-testing";
		};
/* End PBXNativeTarget section */

/* Begin PBXProject section */
		C58BD24C2D9A35110054940A /* Project object */ = {
			isa = PBXProject;
			attributes = {
				BuildIndependentTargetsInParallel = 1;
				LastSwiftUpdateCheck = 1300;
				LastUpgradeCheck = 1300;
				TargetAttributes = {
					C58BD2532D9A35110054940A = {
						CreatedOnToolsVersion = 13.0;
					};
					C58BD2682D9A35140054940A = {
						CreatedOnToolsVersion = 13.0;
						TestTargetID = C58BD2532D9A35110054940A;
					};
					C58BD2722D9A35140054940A = {
						CreatedOnToolsVersion = 13.0;
						TestTargetID = C58BD2532D9A35110054940A;
					};
				};
			};
			buildConfigurationList = C58BD24F2D9A35110054940A /* Build configuration list for PBXProject "Attendance" */;
			compatibilityVersion = "Xcode 13.0";
			developmentRegion = en;
			hasScannedForEncodings = 0;
			knownRegions = (
				en,
				Base,
			);
			mainGroup = C58BD24B2D9A35110054940A;
			productRefGroup = C58BD2552D9A35110054940A /* Products */;
			projectDirPath = "";
			projectRoot = "";
			targets = (
				C58BD2532D9A35110054940A /* Attendance */,
				C58BD2682D9A35140054940A /* AttendanceTests */,
				C58BD2722D9A35140054940A /* AttendanceUITests */,
			);
		};
/* End PBXProject section */

/* Begin PBXResourcesBuildPhase section */
		C58BD2522D9A35110054940A /* Resources */ = {
			isa = PBXResourcesBuildPhase;
			buildActionMask = 2147483647;
			files = (
				C58BD25F2D9A35130054940A /* Preview Assets.xcassets in Resources */,
				C58BD25C2D9A35130054940A /* Assets.xcassets in Resources */,
			);
			runOnlyForDeploymentPostprocessing = 0;
		};
		C58BD2672D9A35140054940A /* Resources */ = {
			isa = PBXResourcesBuildPhase;
			buildActionMask = 2147483647;
			files = (
			);
			runOnlyForDeploymentPostprocessing = 0;
		};
		C58BD2712D9A35140054940A /* Resources */ = {
			isa = PBXResourcesBuildPhase;
			buildActionMask = 2147483647;
			files = (
			);
			runOnlyForDeploymentPostprocessing = 0;
		};
/* End PBXResourcesBuildPhase section */

/* Begin PBXSourcesBuildPhase section */
		C58BD2502D9A35110054940A /* Sources */ = {
			isa = PBXSourcesBuildPhase;
			buildActionMask = 2147483647;
			files = (
				C58BD2612D9A35130054940A /* Persistence.swift in Sources */,
				C58BD29E2D9A423F0054940A /* AuthSelectionView.swift in Sources */,
				C58BD25A2D9A35110054940A /* ContentView.swift in Sources */,
				C58BD2A02D9A42E70054940A /* SocialFeedView.swift in Sources */,
				C58BD2642D9A35130054940A /* Attendance.xcdatamodeld in Sources */,
				C58BD2942D9A3FAF0054940A /* StudentLoginScreen.swift in Sources */,
				C58BD28E2D9A3F560054940A /* Core.swift in Sources */,
				C58BD2962D9A3FC50054940A /* HomeScreen.swift in Sources */,
				C58BD2582D9A35110054940A /* AttendanceApp.swift in Sources */,
				C58BD29C2D9A3FF40054940A /* ProfileScreen.swift in Sources */,
				C58BD29A2D9A3FE50054940A /* PostScreen.swift in Sources */,
				C58BD2922D9A3FA10054940A /* AdminDashboard.swift in Sources */,
				C58BD2982D9A3FD50054940A /* AttendanceScreen.swift in Sources */,
				C58BD2902D9A3F800054940A /* AdminLoginScreen.swift in Sources */,
			);
			runOnlyForDeploymentPostprocessing = 0;
		};
		C58BD2652D9A35140054940A /* Sources */ = {
			isa = PBXSourcesBuildPhase;
			buildActionMask = 2147483647;
			files = (
				C58BD26E2D9A35140054940A /* AttendanceTests.swift in Sources */,
			);
			runOnlyForDeploymentPostprocessing = 0;
		};
		C58BD26F2D9A35140054940A /* Sources */ = {
			isa = PBXSourcesBuildPhase;
			buildActionMask = 2147483647;
			files = (
				C58BD2782D9A35140054940A /* AttendanceUITests.swift in Sources */,
				C58BD27A2D9A35140054940A /* AttendanceUITestsLaunchTests.swift in Sources */,
			);
			runOnlyForDeploymentPostprocessing = 0;
		};
/* End PBXSourcesBuildPhase section */

/* Begin PBXTargetDependency section */
		C58BD26B2D9A35140054940A /* PBXTargetDependency */ = {
			isa = PBXTargetDependency;
			target = C58BD2532D9A35110054940A /* Attendance */;
			targetProxy = C58BD26A2D9A35140054940A /* PBXContainerItemProxy */;
		};
		C58BD2752D9A35140054940A /* PBXTargetDependency */ = {
			isa = PBXTargetDependency;
			target = C58BD2532D9A35110054940A /* Attendance */;
			targetProxy = C58BD2742D9A35140054940A /* PBXContainerItemProxy */;
		};
/* End PBXTargetDependency section */

/* Begin XCBuildConfiguration section */
		C58BD27B2D9A35140054940A /* Debug */ = {
			isa = XCBuildConfiguration;
			buildSettings = {
				ALWAYS_SEARCH_USER_PATHS = NO;
				CLANG_ANALYZER_NONNULL = YES;
				CLANG_ANALYZER_NUMBER_OBJECT_CONVERSION = YES_AGGRESSIVE;
				CLANG_CXX_LANGUAGE_STANDARD = "gnu++17";
				CLANG_CXX_LIBRARY = "libc++";
				CLANG_ENABLE_MODULES = YES;
				CLANG_ENABLE_OBJC_ARC = YES;
				CLANG_ENABLE_OBJC_WEAK = YES;
				CLANG_WARN_BLOCK_CAPTURE_AUTORELEASING = YES;
				CLANG_WARN_BOOL_CONVERSION = YES;
				CLANG_WARN_COMMA = YES;
				CLANG_WARN_CONSTANT_CONVERSION = YES;
				CLANG_WARN_DEPRECATED_OBJC_IMPLEMENTATIONS = YES;
				CLANG_WARN_DIRECT_OBJC_ISA_USAGE = YES_ERROR;
				CLANG_WARN_DOCUMENTATION_COMMENTS = YES;
				CLANG_WARN_EMPTY_BODY = YES;
				CLANG_WARN_ENUM_CONVERSION = YES;
				CLANG_WARN_INFINITE_RECURSION = YES;
				CLANG_WARN_INT_CONVERSION = YES;
				CLANG_WARN_NON_LITERAL_NULL_CONVERSION = YES;
				CLANG_WARN_OBJC_IMPLICIT_RETAIN_SELF = YES;
				CLANG_WARN_OBJC_LITERAL_CONVERSION = YES;
				CLANG_WARN_OBJC_ROOT_CLASS = YES_ERROR;
				CLANG_WARN_QUOTED_INCLUDE_IN_FRAMEWORK_HEADER = YES;
				CLANG_WARN_RANGE_LOOP_ANALYSIS = YES;
				CLANG_WARN_STRICT_PROTOTYPES = YES;
				CLANG_WARN_SUSPICIOUS_MOVE = YES;
				CLANG_WARN_UNGUARDED_AVAILABILITY = YES_AGGRESSIVE;
				CLANG_WARN_UNREACHABLE_CODE = YES;
				CLANG_WARN__DUPLICATE_METHOD_MATCH = YES;
				COPY_PHASE_STRIP = NO;
				DEBUG_INFORMATION_FORMAT = dwarf;
				ENABLE_STRICT_OBJC_MSGSEND = YES;
				ENABLE_TESTABILITY = YES;
				GCC_C_LANGUAGE_STANDARD = gnu11;
				GCC_DYNAMIC_NO_PIC = NO;
				GCC_NO_COMMON_BLOCKS = YES;
				GCC_OPTIMIZATION_LEVEL = 0;
				GCC_PREPROCESSOR_DEFINITIONS = (
					"DEBUG=1",
					"$(inherited)",
				);
				GCC_WARN_64_TO_32_BIT_CONVERSION = YES;
				GCC_WARN_ABOUT_RETURN_TYPE = YES_ERROR;
				GCC_WARN_UNDECLARED_SELECTOR = YES;
				GCC_WARN_UNINITIALIZED_AUTOS = YES_AGGRESSIVE;
				GCC_WARN_UNUSED_FUNCTION = YES;
				GCC_WARN_UNUSED_VARIABLE = YES;
				IPHONEOS_DEPLOYMENT_TARGET = 15.0;
				MTL_ENABLE_DEBUG_INFO = INCLUDE_SOURCE;
				MTL_FAST_MATH = YES;
				ONLY_ACTIVE_ARCH = YES;
				SDKROOT = iphoneos;
				SWIFT_ACTIVE_COMPILATION_CONDITIONS = DEBUG;
				SWIFT_OPTIMIZATION_LEVEL = "-Onone";
			};
			name = Debug;
		};
		C58BD27C2D9A35140054940A /* Release */ = {
			isa = XCBuildConfiguration;
			buildSettings = {
				ALWAYS_SEARCH_USER_PATHS = NO;
				CLANG_ANALYZER_NONNULL = YES;
				CLANG_ANALYZER_NUMBER_OBJECT_CONVERSION = YES_AGGRESSIVE;
				CLANG_CXX_LANGUAGE_STANDARD = "gnu++17";
				CLANG_CXX_LIBRARY = "libc++";
				CLANG_ENABLE_MODULES = YES;
				CLANG_ENABLE_OBJC_ARC = YES;
				CLANG_ENABLE_OBJC_WEAK = YES;
				CLANG_WARN_BLOCK_CAPTURE_AUTORELEASING = YES;
				CLANG_WARN_BOOL_CONVERSION = YES;
				CLANG_WARN_COMMA = YES;
				CLANG_WARN_CONSTANT_CONVERSION = YES;
				CLANG_WARN_DEPRECATED_OBJC_IMPLEMENTATIONS = YES;
				CLANG_WARN_DIRECT_OBJC_ISA_USAGE = YES_ERROR;
				CLANG_WARN_DOCUMENTATION_COMMENTS = YES;
				CLANG_WARN_EMPTY_BODY = YES;
				CLANG_WARN_ENUM_CONVERSION = YES;
				CLANG_WARN_INFINITE_RECURSION = YES;
				CLANG_WARN_INT_CONVERSION = YES;
				CLANG_WARN_NON_LITERAL_NULL_CONVERSION = YES;
				CLANG_WARN_OBJC_IMPLICIT_RETAIN_SELF = YES;
				CLANG_WARN_OBJC_LITERAL_CONVERSION = YES;
				CLANG_WARN_OBJC_ROOT_CLASS = YES_ERROR;
				CLANG_WARN_QUOTED_INCLUDE_IN_FRAMEWORK_HEADER = YES;
				CLANG_WARN_RANGE_LOOP_ANALYSIS = YES;
				CLANG_WARN_STRICT_PROTOTYPES = YES;
				CLANG_WARN_SUSPICIOUS_MOVE = YES;
				CLANG_WARN_UNGUARDED_AVAILABILITY = YES_AGGRESSIVE;
				CLANG_WARN_UNREACHABLE_CODE = YES;
				CLANG_WARN__DUPLICATE_METHOD_MATCH = YES;
				COPY_PHASE_STRIP = NO;
				DEBUG_INFORMATION_FORMAT = "dwarf-with-dsym";
				ENABLE_NS_ASSERTIONS = NO;
				ENABLE_STRICT_OBJC_MSGSEND = YES;
				GCC_C_LANGUAGE_STANDARD = gnu11;
				GCC_NO_COMMON_BLOCKS = YES;
				GCC_WARN_64_TO_32_BIT_CONVERSION = YES;
				GCC_WARN_ABOUT_RETURN_TYPE = YES_ERROR;
				GCC_WARN_UNDECLARED_SELECTOR = YES;
				GCC_WARN_UNINITIALIZED_AUTOS = YES_AGGRESSIVE;
				GCC_WARN_UNUSED_FUNCTION = YES;
				GCC_WARN_UNUSED_VARIABLE = YES;
				IPHONEOS_DEPLOYMENT_TARGET = 15.0;
				MTL_ENABLE_DEBUG_INFO = NO;
				MTL_FAST_MATH = YES;
				SDKROOT = iphoneos;
				SWIFT_COMPILATION_MODE = wholemodule;
				SWIFT_OPTIMIZATION_LEVEL = "-O";
				VALIDATE_PRODUCT = YES;
			};
			name = Release;
		};
		C58BD27E2D9A35140054940A /* Debug */ = {
			isa = XCBuildConfiguration;
			buildSettings = {
				ASSETCATALOG_COMPILER_APPICON_NAME = AppIcon;
				ASSETCATALOG_COMPILER_GLOBAL_ACCENT_COLOR_NAME = AccentColor;
				CODE_SIGN_STYLE = Automatic;
				CURRENT_PROJECT_VERSION = 1;
				DEVELOPMENT_ASSET_PATHS = "\"Attendance/Preview Content\"";
				ENABLE_PREVIEWS = YES;
				GENERATE_INFOPLIST_FILE = YES;
				INFOPLIST_KEY_UIApplicationSceneManifest_Generation = YES;
				INFOPLIST_KEY_UIApplicationSupportsIndirectInputEvents = YES;
				INFOPLIST_KEY_UILaunchScreen_Generation = YES;
				INFOPLIST_KEY_UISupportedInterfaceOrientations_iPad = "UIInterfaceOrientationPortrait UIInterfaceOrientationPortraitUpsideDown UIInterfaceOrientationLandscapeLeft UIInterfaceOrientationLandscapeRight";
				INFOPLIST_KEY_UISupportedInterfaceOrientations_iPhone = "UIInterfaceOrientationPortrait UIInterfaceOrientationLandscapeLeft UIInterfaceOrientationLandscapeRight";
				IPHONEOS_DEPLOYMENT_TARGET = 14.0;
				LD_RUNPATH_SEARCH_PATHS = (
					"$(inherited)",
					"@executable_path/Frameworks",
				);
				MARKETING_VERSION = 1.0;
				PRODUCT_BUNDLE_IDENTIFIER = com.app.Attendance;
				PRODUCT_NAME = "$(TARGET_NAME)";
				SWIFT_EMIT_LOC_STRINGS = YES;
				SWIFT_VERSION = 5.0;
				TARGETED_DEVICE_FAMILY = "1,2";
			};
			name = Debug;
		};
		C58BD27F2D9A35140054940A /* Release */ = {
			isa = XCBuildConfiguration;
			buildSettings = {
				ASSETCATALOG_COMPILER_APPICON_NAME = AppIcon;
				ASSETCATALOG_COMPILER_GLOBAL_ACCENT_COLOR_NAME = AccentColor;
				CODE_SIGN_STYLE = Automatic;
				CURRENT_PROJECT_VERSION = 1;
				DEVELOPMENT_ASSET_PATHS = "\"Attendance/Preview Content\"";
				ENABLE_PREVIEWS = YES;
				GENERATE_INFOPLIST_FILE = YES;
				INFOPLIST_KEY_UIApplicationSceneManifest_Generation = YES;
				INFOPLIST_KEY_UIApplicationSupportsIndirectInputEvents = YES;
				INFOPLIST_KEY_UILaunchScreen_Generation = YES;
				INFOPLIST_KEY_UISupportedInterfaceOrientations_iPad = "UIInterfaceOrientationPortrait UIInterfaceOrientationPortraitUpsideDown UIInterfaceOrientationLandscapeLeft UIInterfaceOrientationLandscapeRight";
				INFOPLIST_KEY_UISupportedInterfaceOrientations_iPhone = "UIInterfaceOrientationPortrait UIInterfaceOrientationLandscapeLeft UIInterfaceOrientationLandscapeRight";
				IPHONEOS_DEPLOYMENT_TARGET = 14.0;
				LD_RUNPATH_SEARCH_PATHS = (
					"$(inherited)",
					"@executable_path/Frameworks",
				);
				MARKETING_VERSION = 1.0;
				PRODUCT_BUNDLE_IDENTIFIER = com.app.Attendance;
				PRODUCT_NAME = "$(TARGET_NAME)";
				SWIFT_EMIT_LOC_STRINGS = YES;
				SWIFT_VERSION = 5.0;
				TARGETED_DEVICE_FAMILY = "1,2";
			};
			name = Release;
		};
		C58BD2812D9A35140054940A /* Debug */ = {
			isa = XCBuildConfiguration;
			buildSettings = {
				ALWAYS_EMBED_SWIFT_STANDARD_LIBRARIES = YES;
				BUNDLE_LOADER = "$(TEST_HOST)";
				CODE_SIGN_STYLE = Automatic;
				CURRENT_PROJECT_VERSION = 1;
				GENERATE_INFOPLIST_FILE = YES;
				IPHONEOS_DEPLOYMENT_TARGET = 14.0;
				LD_RUNPATH_SEARCH_PATHS = (
					"$(inherited)",
					"@executable_path/Frameworks",
					"@loader_path/Frameworks",
				);
				MARKETING_VERSION = 1.0;
				PRODUCT_BUNDLE_IDENTIFIER = com.app.AttendanceTests;
				PRODUCT_NAME = "$(TARGET_NAME)";
				SWIFT_EMIT_LOC_STRINGS = NO;
				SWIFT_VERSION = 5.0;
				TARGETED_DEVICE_FAMILY = "1,2";
				TEST_HOST = "$(BUILT_PRODUCTS_DIR)/Attendance.app/Attendance";
			};
			name = Debug;
		};
		C58BD2822D9A35140054940A /* Release */ = {
			isa = XCBuildConfiguration;
			buildSettings = {
				ALWAYS_EMBED_SWIFT_STANDARD_LIBRARIES = YES;
				BUNDLE_LOADER = "$(TEST_HOST)";
				CODE_SIGN_STYLE = Automatic;
				CURRENT_PROJECT_VERSION = 1;
				GENERATE_INFOPLIST_FILE = YES;
				IPHONEOS_DEPLOYMENT_TARGET = 14.0;
				LD_RUNPATH_SEARCH_PATHS = (
					"$(inherited)",
					"@executable_path/Frameworks",
					"@loader_path/Frameworks",
				);
				MARKETING_VERSION = 1.0;
				PRODUCT_BUNDLE_IDENTIFIER = com.app.AttendanceTests;
				PRODUCT_NAME = "$(TARGET_NAME)";
				SWIFT_EMIT_LOC_STRINGS = NO;
				SWIFT_VERSION = 5.0;
				TARGETED_DEVICE_FAMILY = "1,2";
				TEST_HOST = "$(BUILT_PRODUCTS_DIR)/Attendance.app/Attendance";
			};
			name = Release;
		};
		C58BD2842D9A35140054940A /* Debug */ = {
			isa = XCBuildConfiguration;
			buildSettings = {
				ALWAYS_EMBED_SWIFT_STANDARD_LIBRARIES = YES;
				CODE_SIGN_STYLE = Automatic;
				CURRENT_PROJECT_VERSION = 1;
				GENERATE_INFOPLIST_FILE = YES;
				LD_RUNPATH_SEARCH_PATHS = (
					"$(inherited)",
					"@executable_path/Frameworks",
					"@loader_path/Frameworks",
				);
				MARKETING_VERSION = 1.0;
				PRODUCT_BUNDLE_IDENTIFIER = com.app.AttendanceUITests;
				PRODUCT_NAME = "$(TARGET_NAME)";
				SWIFT_EMIT_LOC_STRINGS = NO;
				SWIFT_VERSION = 5.0;
				TARGETED_DEVICE_FAMILY = "1,2";
				TEST_TARGET_NAME = Attendance;
			};
			name = Debug;
		};
		C58BD2852D9A35140054940A /* Release */ = {
			isa = XCBuildConfiguration;
			buildSettings = {
				ALWAYS_EMBED_SWIFT_STANDARD_LIBRARIES = YES;
				CODE_SIGN_STYLE = Automatic;
				CURRENT_PROJECT_VERSION = 1;
				GENERATE_INFOPLIST_FILE = YES;
				LD_RUNPATH_SEARCH_PATHS = (
					"$(inherited)",
					"@executable_path/Frameworks",
					"@loader_path/Frameworks",
				);
				MARKETING_VERSION = 1.0;
				PRODUCT_BUNDLE_IDENTIFIER = com.app.AttendanceUITests;
				PRODUCT_NAME = "$(TARGET_NAME)";
				SWIFT_EMIT_LOC_STRINGS = NO;
				SWIFT_VERSION = 5.0;
				TARGETED_DEVICE_FAMILY = "1,2";
				TEST_TARGET_NAME = Attendance;
			};
			name = Release;
		};
/* End XCBuildConfiguration section */

/* Begin XCConfigurationList section */
		C58BD24F2D9A35110054940A /* Build configuration list for PBXProject "Attendance" */ = {
			isa = XCConfigurationList;
			buildConfigurations = (
				C58BD27B2D9A35140054940A /* Debug */,
				C58BD27C2D9A35140054940A /* Release */,
			);
			defaultConfigurationIsVisible = 0;
			defaultConfigurationName = Release;
		};
		C58BD27D2D9A35140054940A /* Build configuration list for PBXNativeTarget "Attendance" */ = {
			isa = XCConfigurationList;
			buildConfigurations = (
				C58BD27E2D9A35140054940A /* Debug */,
				C58BD27F2D9A35140054940A /* Release */,
			);
			defaultConfigurationIsVisible = 0;
			defaultConfigurationName = Release;
		};
		C58BD2802D9A35140054940A /* Build configuration list for PBXNativeTarget "AttendanceTests" */ = {
			isa = XCConfigurationList;
			buildConfigurations = (
				C58BD2812D9A35140054940A /* Debug */,
				C58BD2822D9A35140054940A /* Release */,
			);
			defaultConfigurationIsVisible = 0;
			defaultConfigurationName = Release;
		};
		C58BD2832D9A35140054940A /* Build configuration list for PBXNativeTarget "AttendanceUITests" */ = {
			isa = XCConfigurationList;
			buildConfigurations = (
				C58BD2842D9A35140054940A /* Debug */,
				C58BD2852D9A35140054940A /* Release */,
			);
			defaultConfigurationIsVisible = 0;
			defaultConfigurationName = Release;
		};
/* End XCConfigurationList section */

/* Begin XCVersionGroup section */
		C58BD2622D9A35130054940A /* Attendance.xcdatamodeld */ = {
			isa = XCVersionGroup;
			children = (
				C58BD2632D9A35130054940A /* Attendance.xcdatamodel */,
			);
			currentVersion = C58BD2632D9A35130054940A /* Attendance.xcdatamodel */;
			path = Attendance.xcdatamodeld;
			sourceTree = "<group>";
			versionGroupType = wrapper.xcdatamodel;
		};
/* End XCVersionGroup section */
	};
	rootObject = C58BD24C2D9A35110054940A /* Project object */;
}
