// !$*UTF8*$!
{
	archiveVersion = 1;
	classes = {
	};
	objectVersion = 55;
	objects = {

/* Begin PBXBuildFile section */
		C58866062DA214C5000AA831 /* StudentDetailView.swift in Sources */ = {isa = PBXBuildFile; fileRef = C58866052DA214C5000AA831 /* StudentDetailView.swift */; };
		C58866082DA2167D000AA831 /* InfoRow.swift in Sources */ = {isa = PBXBuildFile; fileRef = C58866072DA2167D000AA831 /* InfoRow.swift */; };
		C588660A2DA21726000AA831 /* StudentRow.swift in Sources */ = {isa = PBXBuildFile; fileRef = C58866092DA21726000AA831 /* StudentRow.swift */; };
		C58A2ADF2D9CEBDB004F519F /* StudentDashboardView.swift in Sources */ = {isa = PBXBuildFile; fileRef = C58A2ADE2D9CEBDB004F519F /* StudentDashboardView.swift */; };
		C58A2AE12D9CEC18004F519F /* StudentManagementView.swift in Sources */ = {isa = PBXBuildFile; fileRef = C58A2AE02D9CEC18004F519F /* StudentManagementView.swift */; };
		C58A2AE32D9CF0B8004F519F /* ReportsView.swift in Sources */ = {isa = PBXBuildFile; fileRef = C58A2AE22D9CF0B8004F519F /* ReportsView.swift */; };
		C58A2AE52D9CF266004F519F /* CoreDataExtensions.swift in Sources */ = {isa = PBXBuildFile; fileRef = C58A2AE42D9CF266004F519F /* CoreDataExtensions.swift */; };
		C58A2AE72D9CF4D7004F519F /* AddEditStudentView.swift in Sources */ = {isa = PBXBuildFile; fileRef = C58A2AE62D9CF4D7004F519F /* AddEditStudentView.swift */; };
		C58A2AE92D9D1046004F519F /* SearchBar.swift in Sources */ = {isa = PBXBuildFile; fileRef = C58A2AE82D9D1046004F519F /* SearchBar.swift */; };
		C58BD2582D9A35110054940A /* AttendanceApp.swift in Sources */ = {isa = PBXBuildFile; fileRef = C58BD2572D9A35110054940A /* AttendanceApp.swift */; };
		C58BD25A2D9A35110054940A /* ContentView.swift in Sources */ = {isa = PBXBuildFile; fileRef = C58BD2592D9A35110054940A /* ContentView.swift */; };
		C58BD25C2D9A35130054940A /* Assets.xcassets in Resources */ = {isa = PBXBuildFile; fileRef = C58BD25B2D9A35130054940A /* Assets.xcassets */; };
		C58BD25F2D9A35130054940A /* Preview Assets.xcassets in Resources */ = {isa = PBXBuildFile; fileRef = C58BD25E2D9A35130054940A /* Preview Assets.xcassets */; };
		C58BD2612D9A35130054940A /* Persistence.swift in Sources */ = {isa = PBXBuildFile; fileRef = C58BD2602D9A35130054940A /* Persistence.swift */; };
		C58BD2642D9A35130054940A /* Attendance.xcdatamodeld in Sources */ = {isa = PBXBuildFile; fileRef = C58BD2622D9A35130054940A /* Attendance.xcdatamodeld */; };
		C58BD26E2D9A35140054940A /* AttendanceTests.swift in Sources */ = {isa = PBXBuildFile; fileRef = C58BD26D2D9A35140054940A /* AttendanceTests.swift */; };
		C58BD2782D9A35140054940A /* AttendanceUITests.swift in Sources */ = {isa = PBXBuildFile; fileRef = C58BD2772D9A35140054940A /* AttendanceUITests.swift */; };
		C58BD27A2D9A35140054940A /* AttendanceUITestsLaunchTests.swift in Sources */ = {isa = PBXBuildFile; fileRef = C58BD2792D9A35140054940A /* AttendanceUITestsLaunchTests.swift */; };
		C58D818B2D9B92F80059F30F /* AuthViewModel.swift in Sources */ = {isa = PBXBuildFile; fileRef = C58D818A2D9B92F80059F30F /* AuthViewModel.swift */; };
		C58D818D2D9B93090059F30F /* StudentViewModel.swift in Sources */ = {isa = PBXBuildFile; fileRef = C58D818C2D9B93090059F30F /* StudentViewModel.swift */; };
		C58D818F2D9B93170059F30F /* PostViewModel.swift in Sources */ = {isa = PBXBuildFile; fileRef = C58D818E2D9B93170059F30F /* PostViewModel.swift */; };
		C58D81922D9B93370059F30F /* LoginView.swift in Sources */ = {isa = PBXBuildFile; fileRef = C58D81912D9B93370059F30F /* LoginView.swift */; };
		C58D81942D9B934A0059F30F /* AdminDashboardView.swift in Sources */ = {isa = PBXBuildFile; fileRef = C58D81932D9B934A0059F30F /* AdminDashboardView.swift */; };
		C58D81962D9B93580059F30F /* StudentProfileView.swift in Sources */ = {isa = PBXBuildFile; fileRef = C58D81952D9B93580059F30F /* StudentProfileView.swift */; };
		C58D81982D9B93660059F30F /* AttendanceView.swift in Sources */ = {isa = PBXBuildFile; fileRef = C58D81972D9B93660059F30F /* AttendanceView.swift */; };
		C58D819A2D9B93740059F30F /* TimelineView.swift in Sources */ = {isa = PBXBuildFile; fileRef = C58D81992D9B93740059F30F /* TimelineView.swift */; };
		C58D819D2D9B93980059F30F /* Student+CoreDataClass.swift in Sources */ = {isa = PBXBuildFile; fileRef = C58D819C2D9B93980059F30F /* Student+CoreDataClass.swift */; };
		C58D819F2D9B93AF0059F30F /* Post+CoreDataClass.swift in Sources */ = {isa = PBXBuildFile; fileRef = C58D819E2D9B93AF0059F30F /* Post+CoreDataClass.swift */; };
		C58D81A12D9B93C20059F30F /* Comment+CoreDataClass.swift in Sources */ = {isa = PBXBuildFile; fileRef = C58D81A02D9B93C20059F30F /* Comment+CoreDataClass.swift */; };
		C58D81A32D9B96DB0059F30F /* Course+CoreDataClass.swift in Sources */ = {isa = PBXBuildFile; fileRef = C58D81A22D9B96DB0059F30F /* Course+CoreDataClass.swift */; };
		C58D81A52D9B96F70059F30F /* Attendance+CoreDataClass.swift in Sources */ = {isa = PBXBuildFile; fileRef = C58D81A42D9B96F70059F30F /* Attendance+CoreDataClass.swift */; };
		C58D81AB2D9BA5320059F30F /* CourseManagementView.swift in Sources */ = {isa = PBXBuildFile; fileRef = C58D81AA2D9BA5320059F30F /* CourseManagementView.swift */; };
		C58D81AD2D9BA5620059F30F /* CourseEnrollmentView.swift in Sources */ = {isa = PBXBuildFile; fileRef = C58D81AC2D9BA5620059F30F /* CourseEnrollmentView.swift */; };
		C58D81AF2D9BA5D40059F30F /* ButtonStyles.swift in Sources */ = {isa = PBXBuildFile; fileRef = C58D81AE2D9BA5D40059F30F /* ButtonStyles.swift */; };
/* End PBXBuildFile section */

/* Begin PBXContainerItemProxy section */
		C58BD26A2D9A35140054940A /* PBXContainerItemProxy */ = {
			isa = PBXContainerItemProxy;
			containerPortal = C58BD24C2D9A35110054940A /* Project object */;
			proxyType = 1;
			remoteGlobalIDString = C58BD2532D9A35110054940A;
			remoteInfo = Attendance;
		};
		C58BD2742D9A35140054940A /* PBXContainerItemProxy */ = {
			isa = PBXContainerItemProxy;
			containerPortal = C58BD24C2D9A35110054940A /* Project object */;
			proxyType = 1;
			remoteGlobalIDString = C58BD2532D9A35110054940A;
			remoteInfo = Attendance;
		};
/* End PBXContainerItemProxy section */

/* Begin PBXFileReference section */
		C58866052DA214C5000AA831 /* StudentDetailView.swift */ = {isa = PBXFileReference; lastKnownFileType = sourcecode.swift; path = StudentDetailView.swift; sourceTree = "<group>"; };
		C58866072DA2167D000AA831 /* InfoRow.swift */ = {isa = PBXFileReference; lastKnownFileType = sourcecode.swift; path = InfoRow.swift; sourceTree = "<group>"; };
		C58866092DA21726000AA831 /* StudentRow.swift */ = {isa = PBXFileReference; lastKnownFileType = sourcecode.swift; path = StudentRow.swift; sourceTree = "<group>"; };
		C58A2ADE2D9CEBDB004F519F /* StudentDashboardView.swift */ = {isa = PBXFileReference; lastKnownFileType = sourcecode.swift; path = StudentDashboardView.swift; sourceTree = "<group>"; };
		C58A2AE02D9CEC18004F519F /* StudentManagementView.swift */ = {isa = PBXFileReference; lastKnownFileType = sourcecode.swift; path = StudentManagementView.swift; sourceTree = "<group>"; };
		C58A2AE22D9CF0B8004F519F /* ReportsView.swift */ = {isa = PBXFileReference; lastKnownFileType = sourcecode.swift; path = ReportsView.swift; sourceTree = "<group>"; };
		C58A2AE42D9CF266004F519F /* CoreDataExtensions.swift */ = {isa = PBXFileReference; lastKnownFileType = sourcecode.swift; path = CoreDataExtensions.swift; sourceTree = "<group>"; };
		C58A2AE62D9CF4D7004F519F /* AddEditStudentView.swift */ = {isa = PBXFileReference; lastKnownFileType = sourcecode.swift; path = AddEditStudentView.swift; sourceTree = "<group>"; };
		C58A2AE82D9D1046004F519F /* SearchBar.swift */ = {isa = PBXFileReference; lastKnownFileType = sourcecode.swift; path = SearchBar.swift; sourceTree = "<group>"; };
		C58BD2542D9A35110054940A /* Attendance.app */ = {isa = PBXFileReference; explicitFileType = wrapper.application; includeInIndex = 0; path = Attendance.app; sourceTree = BUILT_PRODUCTS_DIR; };
		C58BD2572D9A35110054940A /* AttendanceApp.swift */ = {isa = PBXFileReference; lastKnownFileType = sourcecode.swift; path = AttendanceApp.swift; sourceTree = "<group>"; };
		C58BD2592D9A35110054940A /* ContentView.swift */ = {isa = PBXFileReference; lastKnownFileType = sourcecode.swift; path = ContentView.swift; sourceTree = "<group>"; };
		C58BD25B2D9A35130054940A /* Assets.xcassets */ = {isa = PBXFileReference; lastKnownFileType = folder.assetcatalog; path = Assets.xcassets; sourceTree = "<group>"; };
		C58BD25E2D9A35130054940A /* Preview Assets.xcassets */ = {isa = PBXFileReference; lastKnownFileType = folder.assetcatalog; path = "Preview Assets.xcassets"; sourceTree = "<group>"; };
		C58BD2602D9A35130054940A /* Persistence.swift */ = {isa = PBXFileReference; lastKnownFileType = sourcecode.swift; path = Persistence.swift; sourceTree = "<group>"; };
		C58BD2632D9A35130054940A /* Attendance.xcdatamodel */ = {isa = PBXFileReference; lastKnownFileType = wrapper.xcdatamodel; path = Attendance.xcdatamodel; sourceTree = "<group>"; };
		C58BD2692D9A35140054940A /* AttendanceTests.xctest */ = {isa = PBXFileReference; explicitFileType = wrapper.cfbundle; includeInIndex = 0; path = AttendanceTests.xctest; sourceTree = BUILT_PRODUCTS_DIR; };
		C58BD26D2D9A35140054940A /* AttendanceTests.swift */ = {isa = PBXFileReference; lastKnownFileType = sourcecode.swift; path = AttendanceTests.swift; sourceTree = "<group>"; };
		C58BD2732D9A35140054940A /* AttendanceUITests.xctest */ = {isa = PBXFileReference; explicitFileType = wrapper.cfbundle; includeInIndex = 0; path = AttendanceUITests.xctest; sourceTree = BUILT_PRODUCTS_DIR; };
		C58BD2772D9A35140054940A /* AttendanceUITests.swift */ = {isa = PBXFileReference; lastKnownFileType = sourcecode.swift; path = AttendanceUITests.swift; sourceTree = "<group>"; };
		C58BD2792D9A35140054940A /* AttendanceUITestsLaunchTests.swift */ = {isa = PBXFileReference; lastKnownFileType = sourcecode.swift; path = AttendanceUITestsLaunchTests.swift; sourceTree = "<group>"; };
		C58D818A2D9B92F80059F30F /* AuthViewModel.swift */ = {isa = PBXFileReference; lastKnownFileType = sourcecode.swift; path = AuthViewModel.swift; sourceTree = "<group>"; };
		C58D818C2D9B93090059F30F /* StudentViewModel.swift */ = {isa = PBXFileReference; lastKnownFileType = sourcecode.swift; path = StudentViewModel.swift; sourceTree = "<group>"; };
		C58D818E2D9B93170059F30F /* PostViewModel.swift */ = {isa = PBXFileReference; lastKnownFileType = sourcecode.swift; path = PostViewModel.swift; sourceTree = "<group>"; };
		C58D81912D9B93370059F30F /* LoginView.swift */ = {isa = PBXFileReference; lastKnownFileType = sourcecode.swift; path = LoginView.swift; sourceTree = "<group>"; };
		C58D81932D9B934A0059F30F /* AdminDashboardView.swift */ = {isa = PBXFileReference; lastKnownFileType = sourcecode.swift; path = AdminDashboardView.swift; sourceTree = "<group>"; };
		C58D81952D9B93580059F30F /* StudentProfileView.swift */ = {isa = PBXFileReference; lastKnownFileType = sourcecode.swift; path = StudentProfileView.swift; sourceTree = "<group>"; };
		C58D81972D9B93660059F30F /* AttendanceView.swift */ = {isa = PBXFileReference; lastKnownFileType = sourcecode.swift; path = AttendanceView.swift; sourceTree = "<group>"; };
		C58D81992D9B93740059F30F /* TimelineView.swift */ = {isa = PBXFileReference; lastKnownFileType = sourcecode.swift; path = TimelineView.swift; sourceTree = "<group>"; };
		C58D819C2D9B93980059F30F /* Student+CoreDataClass.swift */ = {isa = PBXFileReference; lastKnownFileType = sourcecode.swift; path = "Student+CoreDataClass.swift"; sourceTree = "<group>"; };
		C58D819E2D9B93AF0059F30F /* Post+CoreDataClass.swift */ = {isa = PBXFileReference; lastKnownFileType = sourcecode.swift; path = "Post+CoreDataClass.swift"; sourceTree = "<group>"; };
		C58D81A02D9B93C20059F30F /* Comment+CoreDataClass.swift */ = {isa = PBXFileReference; lastKnownFileType = sourcecode.swift; path = "Comment+CoreDataClass.swift"; sourceTree = "<group>"; };
		C58D81A22D9B96DB0059F30F /* Course+CoreDataClass.swift */ = {isa = PBXFileReference; lastKnownFileType = sourcecode.swift; path = "Course+CoreDataClass.swift"; sourceTree = "<group>"; };
		C58D81A42D9B96F70059F30F /* Attendance+CoreDataClass.swift */ = {isa = PBXFileReference; lastKnownFileType = sourcecode.swift; path = "Attendance+CoreDataClass.swift"; sourceTree = "<group>"; };
		C58D81AA2D9BA5320059F30F /* CourseManagementView.swift */ = {isa = PBXFileReference; lastKnownFileType = sourcecode.swift; path = CourseManagementView.swift; sourceTree = "<group>"; };
		C58D81AC2D9BA5620059F30F /* CourseEnrollmentView.swift */ = {isa = PBXFileReference; lastKnownFileType = sourcecode.swift; path = CourseEnrollmentView.swift; sourceTree = "<group>"; };
		C58D81AE2D9BA5D40059F30F /* ButtonStyles.swift */ = {isa = PBXFileReference; lastKnownFileType = sourcecode.swift; path = ButtonStyles.swift; sourceTree = "<group>"; };
/* End PBXFileReference section */

/* Begin PBXFrameworksBuildPhase section */
		C58BD2512D9A35110054940A /* Frameworks */ = {
			isa = PBXFrameworksBuildPhase;
			buildActionMask = 2147483647;
			files = (
			);
			runOnlyForDeploymentPostprocessing = 0;
		};
		C58BD2662D9A35140054940A /* Frameworks */ = {
			isa = PBXFrameworksBuildPhase;
			buildActionMask = 2147483647;
			files = (
			);
			runOnlyForDeploymentPostprocessing = 0;
		};
		C58BD2702D9A35140054940A /* Frameworks */ = {
			isa = PBXFrameworksBuildPhase;
			buildActionMask = 2147483647;
			files = (
			);
			runOnlyForDeploymentPostprocessing = 0;
		};
/* End PBXFrameworksBuildPhase section */

/* Begin PBXGroup section */
		C58BD24B2D9A35110054940A = {
			isa = PBXGroup;
			children = (
				C58D819B2D9B93840059F30F /* Models */,
				C58D81902D9B931D0059F30F /* Views */,
				C58BD2872D9A38A10054940A /* Model View */,
				C58BD2862D9A388D0054940A /* Core Data */,
				C58BD2562D9A35110054940A /* Attendance */,
				C58BD26C2D9A35140054940A /* AttendanceTests */,
				C58BD2762D9A35140054940A /* AttendanceUITests */,
				C58BD2552D9A35110054940A /* Products */,
			);
			sourceTree = "<group>";
		};
		C58BD2552D9A35110054940A /* Products */ = {
			isa = PBXGroup;
			children = (
				C58BD2542D9A35110054940A /* Attendance.app */,
				C58BD2692D9A35140054940A /* AttendanceTests.xctest */,
				C58BD2732D9A35140054940A /* AttendanceUITests.xctest */,
			);
			name = Products;
			sourceTree = "<group>";
		};
		C58BD2562D9A35110054940A /* Attendance */ = {
			isa = PBXGroup;
			children = (
				C58BD2572D9A35110054940A /* AttendanceApp.swift */,
				C58BD2592D9A35110054940A /* ContentView.swift */,
				C58BD25B2D9A35130054940A /* Assets.xcassets */,
				C58BD25D2D9A35130054940A /* Preview Content */,
			);
			path = Attendance;
			sourceTree = "<group>";
		};
		C58BD25D2D9A35130054940A /* Preview Content */ = {
			isa = PBXGroup;
			children = (
				C58BD25E2D9A35130054940A /* Preview Assets.xcassets */,
			);
			path = "Preview Content";
			sourceTree = "<group>";
		};
		C58BD26C2D9A35140054940A /* AttendanceTests */ = {
			isa = PBXGroup;
			children = (
				C58BD26D2D9A35140054940A /* AttendanceTests.swift */,
			);
			path = AttendanceTests;
			sourceTree = "<group>";
		};
		C58BD2762D9A35140054940A /* AttendanceUITests */ = {
			isa = PBXGroup;
			children = (
				C58BD2772D9A35140054940A /* AttendanceUITests.swift */,
				C58BD2792D9A35140054940A /* AttendanceUITestsLaunchTests.swift */,
			);
			path = AttendanceUITests;
			sourceTree = "<group>";
		};
		C58BD2862D9A388D0054940A /* Core Data */ = {
			isa = PBXGroup;
			children = (
				C58BD2622D9A35130054940A /* Attendance.xcdatamodeld */,
				C58BD2602D9A35130054940A /* Persistence.swift */,
				C58A2AE42D9CF266004F519F /* CoreDataExtensions.swift */,
			);
			path = "Core Data";
			sourceTree = "<group>";
		};
		C58BD2872D9A38A10054940A /* Model View */ = {
			isa = PBXGroup;
			children = (
				C58D818A2D9B92F80059F30F /* AuthViewModel.swift */,
				C58D818C2D9B93090059F30F /* StudentViewModel.swift */,
				C58D818E2D9B93170059F30F /* PostViewModel.swift */,
			);
			path = "Model View";
			sourceTree = "<group>";
		};
		C58D81902D9B931D0059F30F /* Views */ = {
			isa = PBXGroup;
			children = (
				C58D81912D9B93370059F30F /* LoginView.swift */,
				C58D81932D9B934A0059F30F /* AdminDashboardView.swift */,
				C58D81972D9B93660059F30F /* AttendanceView.swift */,
				C58D81952D9B93580059F30F /* StudentProfileView.swift */,
				C58D81992D9B93740059F30F /* TimelineView.swift */,
				C58D81AA2D9BA5320059F30F /* CourseManagementView.swift */,
				C58D81AC2D9BA5620059F30F /* CourseEnrollmentView.swift */,
				C58D81AE2D9BA5D40059F30F /* ButtonStyles.swift */,
				C58A2ADE2D9CEBDB004F519F /* StudentDashboardView.swift */,
				C58A2AE02D9CEC18004F519F /* StudentManagementView.swift */,
				C58A2AE22D9CF0B8004F519F /* ReportsView.swift */,
				C58A2AE62D9CF4D7004F519F /* AddEditStudentView.swift */,
				C58A2AE82D9D1046004F519F /* SearchBar.swift */,
				C58866052DA214C5000AA831 /* StudentDetailView.swift */,
				C58866072DA2167D000AA831 /* InfoRow.swift */,
				C58866092DA21726000AA831 /* StudentRow.swift */,
			);
			path = Views;
			sourceTree = "<group>";
		};
		C58D819B2D9B93840059F30F /* Models */ = {
			isa = PBXGroup;
			children = (
				C58D819C2D9B93980059F30F /* Student+CoreDataClass.swift */,
				C58D819E2D9B93AF0059F30F /* Post+CoreDataClass.swift */,
				C58D81A02D9B93C20059F30F /* Comment+CoreDataClass.swift */,
				C58D81A22D9B96DB0059F30F /* Course+CoreDataClass.swift */,
				C58D81A42D9B96F70059F30F /* Attendance+CoreDataClass.swift */,
			);
			path = Models;
			sourceTree = "<group>";
		};
/* End PBXGroup section */

/* Begin PBXNativeTarget section */
		C58BD2532D9A35110054940A /* Attendance */ = {
			isa = PBXNativeTarget;
			buildConfigurationList = C58BD27D2D9A35140054940A /* Build configuration list for PBXNativeTarget "Attendance" */;
			buildPhases = (
				C58BD2502D9A35110054940A /* Sources */,
				C58BD2512D9A35110054940A /* Frameworks */,
				C58BD2522D9A35110054940A /* Resources */,
			);
			buildRules = (
			);
			dependencies = (
			);
			name = Attendance;
			productName = Attendance;
			productReference = C58BD2542D9A35110054940A /* Attendance.app */;
			productType = "com.apple.product-type.application";
		};
		C58BD2682D9A35140054940A /* AttendanceTests */ = {
			isa = PBXNativeTarget;
			buildConfigurationList = C58BD2802D9A35140054940A /* Build configuration list for PBXNativeTarget "AttendanceTests" */;
			buildPhases = (
				C58BD2652D9A35140054940A /* Sources */,
				C58BD2662D9A35140054940A /* Frameworks */,
				C58BD2672D9A35140054940A /* Resources */,
			);
			buildRules = (
			);
			dependencies = (
				C58BD26B2D9A35140054940A /* PBXTargetDependency */,
			);
			name = AttendanceTests;
			productName = AttendanceTests;
			productReference = C58BD2692D9A35140054940A /* AttendanceTests.xctest */;
			productType = "com.apple.product-type.bundle.unit-test";
		};
		C58BD2722D9A35140054940A /* AttendanceUITests */ = {
			isa = PBXNativeTarget;
			buildConfigurationList = C58BD2832D9A35140054940A /* Build configuration list for PBXNativeTarget "AttendanceUITests" */;
			buildPhases = (
				C58BD26F2D9A35140054940A /* Sources */,
				C58BD2702D9A35140054940A /* Frameworks */,
				C58BD2712D9A35140054940A /* Resources */,
			);
			buildRules = (
			);
			dependencies = (
				C58BD2752D9A35140054940A /* PBXTargetDependency */,
			);
			name = AttendanceUITests;
			productName = AttendanceUITests;
			productReference = C58BD2732D9A35140054940A /* AttendanceUITests.xctest */;
			productType = "com.apple.product-type.bundle.ui-testing";
		};
/* End PBXNativeTarget section */

/* Begin PBXProject section */
		C58BD24C2D9A35110054940A /* Project object */ = {
			isa = PBXProject;
			attributes = {
				BuildIndependentTargetsInParallel = 1;
				LastSwiftUpdateCheck = 1300;
				LastUpgradeCheck = 1300;
				TargetAttributes = {
					C58BD2532D9A35110054940A = {
						CreatedOnToolsVersion = 13.0;
					};
					C58BD2682D9A35140054940A = {
						CreatedOnToolsVersion = 13.0;
						TestTargetID = C58BD2532D9A35110054940A;
					};
					C58BD2722D9A35140054940A = {
						CreatedOnToolsVersion = 13.0;
						TestTargetID = C58BD2532D9A35110054940A;
					};
				};
			};
			buildConfigurationList = C58BD24F2D9A35110054940A /* Build configuration list for PBXProject "Attendance" */;
			compatibilityVersion = "Xcode 13.0";
			developmentRegion = en;
			hasScannedForEncodings = 0;
			knownRegions = (
				en,
				Base,
			);
			mainGroup = C58BD24B2D9A35110054940A;
			productRefGroup = C58BD2552D9A35110054940A /* Products */;
			projectDirPath = "";
			projectRoot = "";
			targets = (
				C58BD2532D9A35110054940A /* Attendance */,
				C58BD2682D9A35140054940A /* AttendanceTests */,
				C58BD2722D9A35140054940A /* AttendanceUITests */,
			);
		};
/* End PBXProject section */

/* Begin PBXResourcesBuildPhase section */
		C58BD2522D9A35110054940A /* Resources */ = {
			isa = PBXResourcesBuildPhase;
			buildActionMask = 2147483647;
			files = (
				C58BD25F2D9A35130054940A /* Preview Assets.xcassets in Resources */,
				C58BD25C2D9A35130054940A /* Assets.xcassets in Resources */,
			);
			runOnlyForDeploymentPostprocessing = 0;
		};
		C58BD2672D9A35140054940A /* Resources */ = {
			isa = PBXResourcesBuildPhase;
			buildActionMask = 2147483647;
			files = (
			);
			runOnlyForDeploymentPostprocessing = 0;
		};
		C58BD2712D9A35140054940A /* Resources */ = {
			isa = PBXResourcesBuildPhase;
			buildActionMask = 2147483647;
			files = (
			);
			runOnlyForDeploymentPostprocessing = 0;
		};
/* End PBXResourcesBuildPhase section */

/* Begin PBXSourcesBuildPhase section */
		C58BD2502D9A35110054940A /* Sources */ = {
			isa = PBXSourcesBuildPhase;
			buildActionMask = 2147483647;
			files = (
				C58D818F2D9B93170059F30F /* PostViewModel.swift in Sources */,
				C58D81982D9B93660059F30F /* AttendanceView.swift in Sources */,
				C58D81A52D9B96F70059F30F /* Attendance+CoreDataClass.swift in Sources */,
				C58BD2612D9A35130054940A /* Persistence.swift in Sources */,
				C58866082DA2167D000AA831 /* InfoRow.swift in Sources */,
				C58D819D2D9B93980059F30F /* Student+CoreDataClass.swift in Sources */,
				C58BD25A2D9A35110054940A /* ContentView.swift in Sources */,
				C58A2AE32D9CF0B8004F519F /* ReportsView.swift in Sources */,
				C588660A2DA21726000AA831 /* StudentRow.swift in Sources */,
				C58D81AB2D9BA5320059F30F /* CourseManagementView.swift in Sources */,
				C58866062DA214C5000AA831 /* StudentDetailView.swift in Sources */,
				C58D81942D9B934A0059F30F /* AdminDashboardView.swift in Sources */,
				C58D81922D9B93370059F30F /* LoginView.swift in Sources */,
				C58D819F2D9B93AF0059F30F /* Post+CoreDataClass.swift in Sources */,
				C58D81AF2D9BA5D40059F30F /* ButtonStyles.swift in Sources */,
				C58D818B2D9B92F80059F30F /* AuthViewModel.swift in Sources */,
				C58A2AE92D9D1046004F519F /* SearchBar.swift in Sources */,
				C58A2AE12D9CEC18004F519F /* StudentManagementView.swift in Sources */,
				C58BD2642D9A35130054940A /* Attendance.xcdatamodeld in Sources */,
				C58D818D2D9B93090059F30F /* StudentViewModel.swift in Sources */,
				C58D81A32D9B96DB0059F30F /* Course+CoreDataClass.swift in Sources */,
				C58A2AE72D9CF4D7004F519F /* AddEditStudentView.swift in Sources */,
				C58BD2582D9A35110054940A /* AttendanceApp.swift in Sources */,
				C58D81A12D9B93C20059F30F /* Comment+CoreDataClass.swift in Sources */,
				C58A2AE52D9CF266004F519F /* CoreDataExtensions.swift in Sources */,
				C58A2ADF2D9CEBDB004F519F /* StudentDashboardView.swift in Sources */,
				C58D81962D9B93580059F30F /* StudentProfileView.swift in Sources */,
				C58D819A2D9B93740059F30F /* TimelineView.swift in Sources */,
				C58D81AD2D9BA5620059F30F /* CourseEnrollmentView.swift in Sources */,
			);
			runOnlyForDeploymentPostprocessing = 0;
		};
		C58BD2652D9A35140054940A /* Sources */ = {
			isa = PBXSourcesBuildPhase;
			buildActionMask = 2147483647;
			files = (
				C58BD26E2D9A35140054940A /* AttendanceTests.swift in Sources */,
			);
			runOnlyForDeploymentPostprocessing = 0;
		};
		C58BD26F2D9A35140054940A /* Sources */ = {
			isa = PBXSourcesBuildPhase;
			buildActionMask = 2147483647;
			files = (
				C58BD2782D9A35140054940A /* AttendanceUITests.swift in Sources */,
				C58BD27A2D9A35140054940A /* AttendanceUITestsLaunchTests.swift in Sources */,
			);
			runOnlyForDeploymentPostprocessing = 0;
		};
/* End PBXSourcesBuildPhase section */

/* Begin PBXTargetDependency section */
		C58BD26B2D9A35140054940A /* PBXTargetDependency */ = {
			isa = PBXTargetDependency;
			target = C58BD2532D9A35110054940A /* Attendance */;
			targetProxy = C58BD26A2D9A35140054940A /* PBXContainerItemProxy */;
		};
		C58BD2752D9A35140054940A /* PBXTargetDependency */ = {
			isa = PBXTargetDependency;
			target = C58BD2532D9A35110054940A /* Attendance */;
			targetProxy = C58BD2742D9A35140054940A /* PBXContainerItemProxy */;
		};
/* End PBXTargetDependency section */

/* Begin XCBuildConfiguration section */
		C58BD27B2D9A35140054940A /* Debug */ = {
			isa = XCBuildConfiguration;
			buildSettings = {
				ALWAYS_SEARCH_USER_PATHS = NO;
				CLANG_ANALYZER_NONNULL = YES;
				CLANG_ANALYZER_NUMBER_OBJECT_CONVERSION = YES_AGGRESSIVE;
				CLANG_CXX_LANGUAGE_STANDARD = "gnu++17";
				CLANG_CXX_LIBRARY = "libc++";
				CLANG_ENABLE_MODULES = YES;
				CLANG_ENABLE_OBJC_ARC = YES;
				CLANG_ENABLE_OBJC_WEAK = YES;
				CLANG_WARN_BLOCK_CAPTURE_AUTORELEASING = YES;
				CLANG_WARN_BOOL_CONVERSION = YES;
				CLANG_WARN_COMMA = YES;
				CLANG_WARN_CONSTANT_CONVERSION = YES;
				CLANG_WARN_DEPRECATED_OBJC_IMPLEMENTATIONS = YES;
				CLANG_WARN_DIRECT_OBJC_ISA_USAGE = YES_ERROR;
				CLANG_WARN_DOCUMENTATION_COMMENTS = YES;
				CLANG_WARN_EMPTY_BODY = YES;
				CLANG_WARN_ENUM_CONVERSION = YES;
				CLANG_WARN_INFINITE_RECURSION = YES;
				CLANG_WARN_INT_CONVERSION = YES;
				CLANG_WARN_NON_LITERAL_NULL_CONVERSION = YES;
				CLANG_WARN_OBJC_IMPLICIT_RETAIN_SELF = YES;
				CLANG_WARN_OBJC_LITERAL_CONVERSION = YES;
				CLANG_WARN_OBJC_ROOT_CLASS = YES_ERROR;
				CLANG_WARN_QUOTED_INCLUDE_IN_FRAMEWORK_HEADER = YES;
				CLANG_WARN_RANGE_LOOP_ANALYSIS = YES;
				CLANG_WARN_STRICT_PROTOTYPES = YES;
				CLANG_WARN_SUSPICIOUS_MOVE = YES;
				CLANG_WARN_UNGUARDED_AVAILABILITY = YES_AGGRESSIVE;
				CLANG_WARN_UNREACHABLE_CODE = YES;
				CLANG_WARN__DUPLICATE_METHOD_MATCH = YES;
				COPY_PHASE_STRIP = NO;
				DEBUG_INFORMATION_FORMAT = dwarf;
				ENABLE_STRICT_OBJC_MSGSEND = YES;
				ENABLE_TESTABILITY = YES;
				GCC_C_LANGUAGE_STANDARD = gnu11;
				GCC_DYNAMIC_NO_PIC = NO;
				GCC_NO_COMMON_BLOCKS = YES;
				GCC_OPTIMIZATION_LEVEL = 0;
				GCC_PREPROCESSOR_DEFINITIONS = (
					"DEBUG=1",
					"$(inherited)",
				);
				GCC_WARN_64_TO_32_BIT_CONVERSION = YES;
				GCC_WARN_ABOUT_RETURN_TYPE = YES_ERROR;
				GCC_WARN_UNDECLARED_SELECTOR = YES;
				GCC_WARN_UNINITIALIZED_AUTOS = YES_AGGRESSIVE;
				GCC_WARN_UNUSED_FUNCTION = YES;
				GCC_WARN_UNUSED_VARIABLE = YES;
				IPHONEOS_DEPLOYMENT_TARGET = 15.0;
				MTL_ENABLE_DEBUG_INFO = INCLUDE_SOURCE;
				MTL_FAST_MATH = YES;
				ONLY_ACTIVE_ARCH = YES;
				SDKROOT = iphoneos;
				SWIFT_ACTIVE_COMPILATION_CONDITIONS = DEBUG;
				SWIFT_OPTIMIZATION_LEVEL = "-Onone";
			};
			name = Debug;
		};
		C58BD27C2D9A35140054940A /* Release */ = {
			isa = XCBuildConfiguration;
			buildSettings = {
				ALWAYS_SEARCH_USER_PATHS = NO;
				CLANG_ANALYZER_NONNULL = YES;
				CLANG_ANALYZER_NUMBER_OBJECT_CONVERSION = YES_AGGRESSIVE;
				CLANG_CXX_LANGUAGE_STANDARD = "gnu++17";
				CLANG_CXX_LIBRARY = "libc++";
				CLANG_ENABLE_MODULES = YES;
				CLANG_ENABLE_OBJC_ARC = YES;
				CLANG_ENABLE_OBJC_WEAK = YES;
				CLANG_WARN_BLOCK_CAPTURE_AUTORELEASING = YES;
				CLANG_WARN_BOOL_CONVERSION = YES;
				CLANG_WARN_COMMA = YES;
				CLANG_WARN_CONSTANT_CONVERSION = YES;
				CLANG_WARN_DEPRECATED_OBJC_IMPLEMENTATIONS = YES;
				CLANG_WARN_DIRECT_OBJC_ISA_USAGE = YES_ERROR;
				CLANG_WARN_DOCUMENTATION_COMMENTS = YES;
				CLANG_WARN_EMPTY_BODY = YES;
				CLANG_WARN_ENUM_CONVERSION = YES;
				CLANG_WARN_INFINITE_RECURSION = YES;
				CLANG_WARN_INT_CONVERSION = YES;
				CLANG_WARN_NON_LITERAL_NULL_CONVERSION = YES;
				CLANG_WARN_OBJC_IMPLICIT_RETAIN_SELF = YES;
				CLANG_WARN_OBJC_LITERAL_CONVERSION = YES;
				CLANG_WARN_OBJC_ROOT_CLASS = YES_ERROR;
				CLANG_WARN_QUOTED_INCLUDE_IN_FRAMEWORK_HEADER = YES;
				CLANG_WARN_RANGE_LOOP_ANALYSIS = YES;
				CLANG_WARN_STRICT_PROTOTYPES = YES;
				CLANG_WARN_SUSPICIOUS_MOVE = YES;
				CLANG_WARN_UNGUARDED_AVAILABILITY = YES_AGGRESSIVE;
				CLANG_WARN_UNREACHABLE_CODE = YES;
				CLANG_WARN__DUPLICATE_METHOD_MATCH = YES;
				COPY_PHASE_STRIP = NO;
				DEBUG_INFORMATION_FORMAT = "dwarf-with-dsym";
				ENABLE_NS_ASSERTIONS = NO;
				ENABLE_STRICT_OBJC_MSGSEND = YES;
				GCC_C_LANGUAGE_STANDARD = gnu11;
				GCC_NO_COMMON_BLOCKS = YES;
				GCC_WARN_64_TO_32_BIT_CONVERSION = YES;
				GCC_WARN_ABOUT_RETURN_TYPE = YES_ERROR;
				GCC_WARN_UNDECLARED_SELECTOR = YES;
				GCC_WARN_UNINITIALIZED_AUTOS = YES_AGGRESSIVE;
				GCC_WARN_UNUSED_FUNCTION = YES;
				GCC_WARN_UNUSED_VARIABLE = YES;
				IPHONEOS_DEPLOYMENT_TARGET = 15.0;
				MTL_ENABLE_DEBUG_INFO = NO;
				MTL_FAST_MATH = YES;
				SDKROOT = iphoneos;
				SWIFT_COMPILATION_MODE = wholemodule;
				SWIFT_OPTIMIZATION_LEVEL = "-O";
				VALIDATE_PRODUCT = YES;
			};
			name = Release;
		};
		C58BD27E2D9A35140054940A /* Debug */ = {
			isa = XCBuildConfiguration;
			buildSettings = {
				ASSETCATALOG_COMPILER_APPICON_NAME = AppIcon;
				ASSETCATALOG_COMPILER_GLOBAL_ACCENT_COLOR_NAME = AccentColor;
				CODE_SIGN_STYLE = Automatic;
				CURRENT_PROJECT_VERSION = 1;
				DEVELOPMENT_ASSET_PATHS = "\"Attendance/Preview Content\"";
				ENABLE_PREVIEWS = YES;
				GENERATE_INFOPLIST_FILE = YES;
				INFOPLIST_KEY_UIApplicationSceneManifest_Generation = YES;
				INFOPLIST_KEY_UIApplicationSupportsIndirectInputEvents = YES;
				INFOPLIST_KEY_UILaunchScreen_Generation = YES;
				INFOPLIST_KEY_UISupportedInterfaceOrientations_iPad = "UIInterfaceOrientationPortrait UIInterfaceOrientationPortraitUpsideDown UIInterfaceOrientationLandscapeLeft UIInterfaceOrientationLandscapeRight";
				INFOPLIST_KEY_UISupportedInterfaceOrientations_iPhone = "UIInterfaceOrientationPortrait UIInterfaceOrientationLandscapeLeft UIInterfaceOrientationLandscapeRight";
				IPHONEOS_DEPLOYMENT_TARGET = 14.0;
				LD_RUNPATH_SEARCH_PATHS = (
					"$(inherited)",
					"@executable_path/Frameworks",
				);
				MARKETING_VERSION = 1.0;
				PRODUCT_BUNDLE_IDENTIFIER = com.app.Attendance;
				PRODUCT_NAME = "$(TARGET_NAME)";
				SWIFT_EMIT_LOC_STRINGS = YES;
				SWIFT_VERSION = 5.0;
				TARGETED_DEVICE_FAMILY = "1,2";
			};
			name = Debug;
		};
		C58BD27F2D9A35140054940A /* Release */ = {
			isa = XCBuildConfiguration;
			buildSettings = {
				ASSETCATALOG_COMPILER_APPICON_NAME = AppIcon;
				ASSETCATALOG_COMPILER_GLOBAL_ACCENT_COLOR_NAME = AccentColor;
				CODE_SIGN_STYLE = Automatic;
				CURRENT_PROJECT_VERSION = 1;
				DEVELOPMENT_ASSET_PATHS = "\"Attendance/Preview Content\"";
				ENABLE_PREVIEWS = YES;
				GENERATE_INFOPLIST_FILE = YES;
				INFOPLIST_KEY_UIApplicationSceneManifest_Generation = YES;
				INFOPLIST_KEY_UIApplicationSupportsIndirectInputEvents = YES;
				INFOPLIST_KEY_UILaunchScreen_Generation = YES;
				INFOPLIST_KEY_UISupportedInterfaceOrientations_iPad = "UIInterfaceOrientationPortrait UIInterfaceOrientationPortraitUpsideDown UIInterfaceOrientationLandscapeLeft UIInterfaceOrientationLandscapeRight";
				INFOPLIST_KEY_UISupportedInterfaceOrientations_iPhone = "UIInterfaceOrientationPortrait UIInterfaceOrientationLandscapeLeft UIInterfaceOrientationLandscapeRight";
				IPHONEOS_DEPLOYMENT_TARGET = 14.0;
				LD_RUNPATH_SEARCH_PATHS = (
					"$(inherited)",
					"@executable_path/Frameworks",
				);
				MARKETING_VERSION = 1.0;
				PRODUCT_BUNDLE_IDENTIFIER = com.app.Attendance;
				PRODUCT_NAME = "$(TARGET_NAME)";
				SWIFT_EMIT_LOC_STRINGS = YES;
				SWIFT_VERSION = 5.0;
				TARGETED_DEVICE_FAMILY = "1,2";
			};
			name = Release;
		};
		C58BD2812D9A35140054940A /* Debug */ = {
			isa = XCBuildConfiguration;
			buildSettings = {
				ALWAYS_EMBED_SWIFT_STANDARD_LIBRARIES = YES;
				BUNDLE_LOADER = "$(TEST_HOST)";
				CODE_SIGN_STYLE = Automatic;
				CURRENT_PROJECT_VERSION = 1;
				GENERATE_INFOPLIST_FILE = YES;
				IPHONEOS_DEPLOYMENT_TARGET = 14.0;
				LD_RUNPATH_SEARCH_PATHS = (
					"$(inherited)",
					"@executable_path/Frameworks",
					"@loader_path/Frameworks",
				);
				MARKETING_VERSION = 1.0;
				PRODUCT_BUNDLE_IDENTIFIER = com.app.AttendanceTests;
				PRODUCT_NAME = "$(TARGET_NAME)";
				SWIFT_EMIT_LOC_STRINGS = NO;
				SWIFT_VERSION = 5.0;
				TARGETED_DEVICE_FAMILY = "1,2";
				TEST_HOST = "$(BUILT_PRODUCTS_DIR)/Attendance.app/Attendance";
			};
			name = Debug;
		};
		C58BD2822D9A35140054940A /* Release */ = {
			isa = XCBuildConfiguration;
			buildSettings = {
				ALWAYS_EMBED_SWIFT_STANDARD_LIBRARIES = YES;
				BUNDLE_LOADER = "$(TEST_HOST)";
				CODE_SIGN_STYLE = Automatic;
				CURRENT_PROJECT_VERSION = 1;
				GENERATE_INFOPLIST_FILE = YES;
				IPHONEOS_DEPLOYMENT_TARGET = 14.0;
				LD_RUNPATH_SEARCH_PATHS = (
					"$(inherited)",
					"@executable_path/Frameworks",
					"@loader_path/Frameworks",
				);
				MARKETING_VERSION = 1.0;
				PRODUCT_BUNDLE_IDENTIFIER = com.app.AttendanceTests;
				PRODUCT_NAME = "$(TARGET_NAME)";
				SWIFT_EMIT_LOC_STRINGS = NO;
				SWIFT_VERSION = 5.0;
				TARGETED_DEVICE_FAMILY = "1,2";
				TEST_HOST = "$(BUILT_PRODUCTS_DIR)/Attendance.app/Attendance";
			};
			name = Release;
		};
		C58BD2842D9A35140054940A /* Debug */ = {
			isa = XCBuildConfiguration;
			buildSettings = {
				ALWAYS_EMBED_SWIFT_STANDARD_LIBRARIES = YES;
				CODE_SIGN_STYLE = Automatic;
				CURRENT_PROJECT_VERSION = 1;
				GENERATE_INFOPLIST_FILE = YES;
				LD_RUNPATH_SEARCH_PATHS = (
					"$(inherited)",
					"@executable_path/Frameworks",
					"@loader_path/Frameworks",
				);
				MARKETING_VERSION = 1.0;
				PRODUCT_BUNDLE_IDENTIFIER = com.app.AttendanceUITests;
				PRODUCT_NAME = "$(TARGET_NAME)";
				SWIFT_EMIT_LOC_STRINGS = NO;
				SWIFT_VERSION = 5.0;
				TARGETED_DEVICE_FAMILY = "1,2";
				TEST_TARGET_NAME = Attendance;
			};
			name = Debug;
		};
		C58BD2852D9A35140054940A /* Release */ = {
			isa = XCBuildConfiguration;
			buildSettings = {
				ALWAYS_EMBED_SWIFT_STANDARD_LIBRARIES = YES;
				CODE_SIGN_STYLE = Automatic;
				CURRENT_PROJECT_VERSION = 1;
				GENERATE_INFOPLIST_FILE = YES;
				LD_RUNPATH_SEARCH_PATHS = (
					"$(inherited)",
					"@executable_path/Frameworks",
					"@loader_path/Frameworks",
				);
				MARKETING_VERSION = 1.0;
				PRODUCT_BUNDLE_IDENTIFIER = com.app.AttendanceUITests;
				PRODUCT_NAME = "$(TARGET_NAME)";
				SWIFT_EMIT_LOC_STRINGS = NO;
				SWIFT_VERSION = 5.0;
				TARGETED_DEVICE_FAMILY = "1,2";
				TEST_TARGET_NAME = Attendance;
			};
			name = Release;
		};
/* End XCBuildConfiguration section */

/* Begin XCConfigurationList section */
		C58BD24F2D9A35110054940A /* Build configuration list for PBXProject "Attendance" */ = {
			isa = XCConfigurationList;
			buildConfigurations = (
				C58BD27B2D9A35140054940A /* Debug */,
				C58BD27C2D9A35140054940A /* Release */,
			);
			defaultConfigurationIsVisible = 0;
			defaultConfigurationName = Release;
		};
		C58BD27D2D9A35140054940A /* Build configuration list for PBXNativeTarget "Attendance" */ = {
			isa = XCConfigurationList;
			buildConfigurations = (
				C58BD27E2D9A35140054940A /* Debug */,
				C58BD27F2D9A35140054940A /* Release */,
			);
			defaultConfigurationIsVisible = 0;
			defaultConfigurationName = Release;
		};
		C58BD2802D9A35140054940A /* Build configuration list for PBXNativeTarget "AttendanceTests" */ = {
			isa = XCConfigurationList;
			buildConfigurations = (
				C58BD2812D9A35140054940A /* Debug */,
				C58BD2822D9A35140054940A /* Release */,
			);
			defaultConfigurationIsVisible = 0;
			defaultConfigurationName = Release;
		};
		C58BD2832D9A35140054940A /* Build configuration list for PBXNativeTarget "AttendanceUITests" */ = {
			isa = XCConfigurationList;
			buildConfigurations = (
				C58BD2842D9A35140054940A /* Debug */,
				C58BD2852D9A35140054940A /* Release */,
			);
			defaultConfigurationIsVisible = 0;
			defaultConfigurationName = Release;
		};
/* End XCConfigurationList section */

/* Begin XCVersionGroup section */
		C58BD2622D9A35130054940A /* Attendance.xcdatamodeld */ = {
			isa = XCVersionGroup;
			children = (
				C58BD2632D9A35130054940A /* Attendance.xcdatamodel */,
			);
			currentVersion = C58BD2632D9A35130054940A /* Attendance.xcdatamodel */;
			path = Attendance.xcdatamodeld;
			sourceTree = "<group>";
			versionGroupType = wrapper.xcdatamodel;
		};
/* End XCVersionGroup section */
	};
	rootObject = C58BD24C2D9A35110054940A /* Project object */;
}
